// !$*UTF8*$!
{
	archiveVersion = 1;
	classes = {
	};
	objectVersion = 46;
	objects = {

/* Begin PBXBuildFile section */
		C1BB1DCD1AD9D29A00FB8C70 /* 005.c in Sources */ = {isa = PBXBuildFile; fileRef = C1BB1DCC1AD9D29A00FB8C70 /* 005.c */; };
/* End PBXBuildFile section */

/* Begin PBXCopyFilesBuildPhase section */
		C1E960631AD4C197008D1C63 /* CopyFiles */ = {
			isa = PBXCopyFilesBuildPhase;
			buildActionMask = 2147483647;
			dstPath = /usr/share/man/man1/;
			dstSubfolderSpec = 0;
			files = (
			);
			runOnlyForDeploymentPostprocessing = 1;
		};
/* End PBXCopyFilesBuildPhase section */

/* Begin PBXFileReference section */
		C137311B1AD4E73600B69EAC /* 004.cpp */ = {isa = PBXFileReference; fileEncoding = 4; lastKnownFileType = sourcecode.cpp.cpp; path = 004.cpp; sourceTree = "<group>"; };
		C1806BA51AD4CE28004D90AF /* 001.cpp */ = {isa = PBXFileReference; lastKnownFileType = sourcecode.cpp.cpp; path = 001.cpp; sourceTree = "<group>"; };
		C1806BA61AD4CE56004D90AF /* 001.c */ = {isa = PBXFileReference; lastKnownFileType = sourcecode.c.c; path = 001.c; sourceTree = "<group>"; };
		C1806BA71AD4CE79004D90AF /* 002.cpp */ = {isa = PBXFileReference; lastKnownFileType = sourcecode.cpp.cpp; path = 002.cpp; sourceTree = "<group>"; };
		C19058D71AD64F5F0096FC85 /* 004.c */ = {isa = PBXFileReference; fileEncoding = 4; lastKnownFileType = sourcecode.c.c; path = 004.c; sourceTree = "<group>"; };
		C1BB1DCC1AD9D29A00FB8C70 /* 005.c */ = {isa = PBXFileReference; fileEncoding = 4; lastKnownFileType = sourcecode.c.c; path = 005.c; sourceTree = "<group>"; };
		C1DC59FD1AD75435007D82C7 /* 005.cpp */ = {isa = PBXFileReference; fileEncoding = 4; lastKnownFileType = sourcecode.cpp.cpp; path = 005.cpp; sourceTree = "<group>"; };
		C1E960651AD4C197008D1C63 /* leetcode */ = {isa = PBXFileReference; explicitFileType = "compiled.mach-o.executable"; includeInIndex = 0; path = leetcode; sourceTree = BUILT_PRODUCTS_DIR; };
		C1E9606F1AD4C1A6008D1C63 /* 003.cpp */ = {isa = PBXFileReference; fileEncoding = 4; lastKnownFileType = sourcecode.cpp.cpp; path = 003.cpp; sourceTree = "<group>"; };
		C1E960711AD4C207008D1C63 /* 003.c */ = {isa = PBXFileReference; fileEncoding = 4; lastKnownFileType = sourcecode.c.c; path = 003.c; sourceTree = "<group>"; };
/* End PBXFileReference section */

/* Begin PBXFrameworksBuildPhase section */
		C1E960621AD4C197008D1C63 /* Frameworks */ = {
			isa = PBXFrameworksBuildPhase;
			buildActionMask = 2147483647;
			files = (
			);
			runOnlyForDeploymentPostprocessing = 0;
		};
/* End PBXFrameworksBuildPhase section */

/* Begin PBXGroup section */
		C1E9605C1AD4C197008D1C63 = {
			isa = PBXGroup;
			children = (
				C1E960671AD4C197008D1C63 /* leetcode */,
				C1E960661AD4C197008D1C63 /* Products */,
			);
			sourceTree = "<group>";
		};
		C1E960661AD4C197008D1C63 /* Products */ = {
			isa = PBXGroup;
			children = (
				C1E960651AD4C197008D1C63 /* leetcode */,
			);
			name = Products;
			sourceTree = "<group>";
		};
		C1E960671AD4C197008D1C63 /* leetcode */ = {
			isa = PBXGroup;
			children = (
				C1806BA51AD4CE28004D90AF /* 001.cpp */,
				C1806BA61AD4CE56004D90AF /* 001.c */,
				C1806BA71AD4CE79004D90AF /* 002.cpp */,
				C1E9606F1AD4C1A6008D1C63 /* 003.cpp */,
				C1E960711AD4C207008D1C63 /* 003.c */,
				C137311B1AD4E73600B69EAC /* 004.cpp */,
				C19058D71AD64F5F0096FC85 /* 004.c */,
				C1DC59FD1AD75435007D82C7 /* 005.cpp */,
				C1BB1DCC1AD9D29A00FB8C70 /* 005.c */,
			);
			path = leetcode;
			sourceTree = "<group>";
		};
/* End PBXGroup section */

/* Begin PBXNativeTarget section */
		C1E960641AD4C197008D1C63 /* leetcode */ = {
			isa = PBXNativeTarget;
			buildConfigurationList = C1E9606C1AD4C197008D1C63 /* Build configuration list for PBXNativeTarget "leetcode" */;
			buildPhases = (
				C1E960611AD4C197008D1C63 /* Sources */,
				C1E960621AD4C197008D1C63 /* Frameworks */,
				C1E960631AD4C197008D1C63 /* CopyFiles */,
			);
			buildRules = (
			);
			dependencies = (
			);
			name = leetcode;
			productName = leetcode;
			productReference = C1E960651AD4C197008D1C63 /* leetcode */;
			productType = "com.apple.product-type.tool";
		};
/* End PBXNativeTarget section */

/* Begin PBXProject section */
		C1E9605D1AD4C197008D1C63 /* Project object */ = {
			isa = PBXProject;
			attributes = {
				LastUpgradeCheck = 0620;
				ORGANIZATIONNAME = "Hilings Studio";
				TargetAttributes = {
					C1E960641AD4C197008D1C63 = {
						CreatedOnToolsVersion = 6.2;
					};
				};
			};
			buildConfigurationList = C1E960601AD4C197008D1C63 /* Build configuration list for PBXProject "leetcode" */;
			compatibilityVersion = "Xcode 3.2";
			developmentRegion = English;
			hasScannedForEncodings = 0;
			knownRegions = (
				en,
			);
			mainGroup = C1E9605C1AD4C197008D1C63;
			productRefGroup = C1E960661AD4C197008D1C63 /* Products */;
			projectDirPath = "";
			projectRoot = "";
			targets = (
				C1E960641AD4C197008D1C63 /* leetcode */,
			);
		};
/* End PBXProject section */

/* Begin PBXSourcesBuildPhase section */
		C1E960611AD4C197008D1C63 /* Sources */ = {
			isa = PBXSourcesBuildPhase;
			buildActionMask = 2147483647;
			files = (
				C1BB1DCD1AD9D29A00FB8C70 /* 005.c in Sources */,
			);
			runOnlyForDeploymentPostprocessing = 0;
		};
/* End PBXSourcesBuildPhase section */

/* Begin XCBuildConfiguration section */
		C1E9606A1AD4C197008D1C63 /* Debug */ = {
			isa = XCBuildConfiguration;
			buildSettings = {
				ALWAYS_SEARCH_USER_PATHS = NO;
				CLANG_CXX_LANGUAGE_STANDARD = "gnu++0x";
				CLANG_CXX_LIBRARY = "libc++";
				CLANG_ENABLE_MODULES = YES;
				CLANG_ENABLE_OBJC_ARC = YES;
				CLANG_WARN_BOOL_CONVERSION = YES;
				CLANG_WARN_CONSTANT_CONVERSION = YES;
				CLANG_WARN_DIRECT_OBJC_ISA_USAGE = YES_ERROR;
				CLANG_WARN_EMPTY_BODY = YES;
				CLANG_WARN_ENUM_CONVERSION = YES;
				CLANG_WARN_INT_CONVERSION = YES;
				CLANG_WARN_OBJC_ROOT_CLASS = YES_ERROR;
				CLANG_WARN_UNREACHABLE_CODE = YES;
				CLANG_WARN__DUPLICATE_METHOD_MATCH = YES;
				COPY_PHASE_STRIP = NO;
				ENABLE_STRICT_OBJC_MSGSEND = YES;
				GCC_C_LANGUAGE_STANDARD = gnu99;
				GCC_DYNAMIC_NO_PIC = NO;
				GCC_OPTIMIZATION_LEVEL = 0;
				GCC_PREPROCESSOR_DEFINITIONS = (
					"DEBUG=1",
					"$(inherited)",
				);
				GCC_SYMBOLS_PRIVATE_EXTERN = NO;
				GCC_WARN_64_TO_32_BIT_CONVERSION = YES;
				GCC_WARN_ABOUT_RETURN_TYPE = YES_ERROR;
				GCC_WARN_UNDECLARED_SELECTOR = YES;
				GCC_WARN_UNINITIALIZED_AUTOS = YES_AGGRESSIVE;
				GCC_WARN_UNUSED_FUNCTION = YES;
				GCC_WARN_UNUSED_VARIABLE = YES;
				MACOSX_DEPLOYMENT_TARGET = 10.10;
				MTL_ENABLE_DEBUG_INFO = YES;
				ONLY_ACTIVE_ARCH = YES;
				SDKROOT = macosx;
			};
			name = Debug;
		};
		C1E9606B1AD4C197008D1C63 /* Release */ = {
			isa = XCBuildConfiguration;
			buildSettings = {
				ALWAYS_SEARCH_USER_PATHS = NO;
				CLANG_CXX_LANGUAGE_STANDARD = "gnu++0x";
				CLANG_CXX_LIBRARY = "libc++";
				CLANG_ENABLE_MODULES = YES;
				CLANG_ENABLE_OBJC_ARC = YES;
				CLANG_WARN_BOOL_CONVERSION = YES;
				CLANG_WARN_CONSTANT_CONVERSION = YES;
				CLANG_WARN_DIRECT_OBJC_ISA_USAGE = YES_ERROR;
				CLANG_WARN_EMPTY_BODY = YES;
				CLANG_WARN_ENUM_CONVERSION = YES;
				CLANG_WARN_INT_CONVERSION = YES;
				CLANG_WARN_OBJC_ROOT_CLASS = YES_ERROR;
				CLANG_WARN_UNREACHABLE_CODE = YES;
				CLANG_WARN__DUPLICATE_METHOD_MATCH = YES;
				COPY_PHASE_STRIP = NO;
				DEBUG_INFORMATION_FORMAT = "dwarf-with-dsym";
				ENABLE_NS_ASSERTIONS = NO;
				ENABLE_STRICT_OBJC_MSGSEND = YES;
				GCC_C_LANGUAGE_STANDARD = gnu99;
				GCC_WARN_64_TO_32_BIT_CONVERSION = YES;
				GCC_WARN_ABOUT_RETURN_TYPE = YES_ERROR;
				GCC_WARN_UNDECLARED_SELECTOR = YES;
				GCC_WARN_UNINITIALIZED_AUTOS = YES_AGGRESSIVE;
				GCC_WARN_UNUSED_FUNCTION = YES;
				GCC_WARN_UNUSED_VARIABLE = YES;
				MACOSX_DEPLOYMENT_TARGET = 10.10;
				MTL_ENABLE_DEBUG_INFO = NO;
				SDKROOT = macosx;
			};
			name = Release;
		};
		C1E9606D1AD4C197008D1C63 /* Debug */ = {
			isa = XCBuildConfiguration;
			buildSettings = {
				PRODUCT_NAME = "$(TARGET_NAME)";
			};
			name = Debug;
		};
		C1E9606E1AD4C197008D1C63 /* Release */ = {
			isa = XCBuildConfiguration;
			buildSettings = {
				PRODUCT_NAME = "$(TARGET_NAME)";
			};
			name = Release;
		};
/* End XCBuildConfiguration section */

/* Begin XCConfigurationList section */
		C1E960601AD4C197008D1C63 /* Build configuration list for PBXProject "leetcode" */ = {
			isa = XCConfigurationList;
			buildConfigurations = (
				C1E9606A1AD4C197008D1C63 /* Debug */,
				C1E9606B1AD4C197008D1C63 /* Release */,
			);
			defaultConfigurationIsVisible = 0;
			defaultConfigurationName = Release;
		};
		C1E9606C1AD4C197008D1C63 /* Build configuration list for PBXNativeTarget "leetcode" */ = {
			isa = XCConfigurationList;
			buildConfigurations = (
				C1E9606D1AD4C197008D1C63 /* Debug */,
				C1E9606E1AD4C197008D1C63 /* Release */,
			);
			defaultConfigurationIsVisible = 0;
			defaultConfigurationName = Release;
		};
/* End XCConfigurationList section */
	};
	rootObject = C1E9605D1AD4C197008D1C63 /* Project object */;
}
